
Microsoft Visual Studio Solution File, Format Version 12.00
# Visual Studio Version 17
VisualStudioVersion = 17.3.32929.385
MinimumVisualStudioVersion = 10.0.40219.1
Project("{FAE04EC0-301F-11D3-BF4B-00C04F79EFBC}") = "wpfbillssimoTest", "wpfbillssimoTest\wpfbillssimoTest.csproj", "{3EC386A9-9089-4150-9533-417F6C0E9BDD}"
EndProject
Project("{9A19103F-16F7-4668-BE54-9A1E7A4F7556}") = "Domian", "Domian\Domian.csproj", "{DF43907D-CD52-460B-B050-7DC9887500B3}"
EndProject
Project("{9A19103F-16F7-4668-BE54-9A1E7A4F7556}") = "DatabaseContext", "Data\DatabaseContext.csproj", "{7CC05057-4A62-462F-9B79-FECB8EE6B035}"
EndProject
Project("{2150E333-8FDC-42A3-9474-1A3956D46DE8}") = "Data", "Data", "{E9BD7E11-2106-4090-8354-53EE6D0815E7}"
EndProject
Project("{2150E333-8FDC-42A3-9474-1A3956D46DE8}") = "IRepositories", "IRepositories", "{C64D4FEB-2881-4F71-BAFC-1EC22F4C6034}"
EndProject
Project("{2150E333-8FDC-42A3-9474-1A3956D46DE8}") = "Repositories", "Repositories", "{65C433DB-C5CF-4693-9059-DBCC771D320B}"
EndProject
Project("{2150E333-8FDC-42A3-9474-1A3956D46DE8}") = "Contexts", "Contexts", "{4952F714-12A4-48BB-AD5D-00F6512F4DF0}"
EndProject
Project("{9A19103F-16F7-4668-BE54-9A1E7A4F7556}") = "IRepository", "IRepository\IRepository.csproj", "{E27391A2-6000-4C62-9A5A-18B80574F5D9}"
EndProject
Project("{9A19103F-16F7-4668-BE54-9A1E7A4F7556}") = "Repository", "Repository\Repository.csproj", "{00409C4B-5098-4335-8DEB-C58EE86692E6}"
EndProject
Project("{9A19103F-16F7-4668-BE54-9A1E7A4F7556}") = "Services", "DTO\Services.csproj", "{1604D65A-43C6-4B6B-9AE9-2360134C95F7}"
EndProject
Project("{9A19103F-16F7-4668-BE54-9A1E7A4F7556}") = "TestAPI", "TestAPI\TestAPI.csproj", "{5E55CB5C-5CB0-423A-8C7B-55287B535E49}"
EndProject
Global
	GlobalSection(SolutionConfigurationPlatforms) = preSolution
		Debug|Any CPU = Debug|Any CPU
		Release|Any CPU = Release|Any CPU
	EndGlobalSection
	GlobalSection(ProjectConfigurationPlatforms) = postSolution
		{3EC386A9-9089-4150-9533-417F6C0E9BDD}.Debug|Any CPU.ActiveCfg = Debug|Any CPU
		{3EC386A9-9089-4150-9533-417F6C0E9BDD}.Debug|Any CPU.Build.0 = Debug|Any CPU
		{3EC386A9-9089-4150-9533-417F6C0E9BDD}.Release|Any CPU.ActiveCfg = Release|Any CPU
		{3EC386A9-9089-4150-9533-417F6C0E9BDD}.Release|Any CPU.Build.0 = Release|Any CPU
		{DF43907D-CD52-460B-B050-7DC9887500B3}.Debug|Any CPU.ActiveCfg = Debug|Any CPU
		{DF43907D-CD52-460B-B050-7DC9887500B3}.Debug|Any CPU.Build.0 = Debug|Any CPU
		{DF43907D-CD52-460B-B050-7DC9887500B3}.Release|Any CPU.ActiveCfg = Release|Any CPU
		{DF43907D-CD52-460B-B050-7DC9887500B3}.Release|Any CPU.Build.0 = Release|Any CPU
		{7CC05057-4A62-462F-9B79-FECB8EE6B035}.Debug|Any CPU.ActiveCfg = Debug|Any CPU
		{7CC05057-4A62-462F-9B79-FECB8EE6B035}.Debug|Any CPU.Build.0 = Debug|Any CPU
		{7CC05057-4A62-462F-9B79-FECB8EE6B035}.Release|Any CPU.ActiveCfg = Release|Any CPU
		{7CC05057-4A62-462F-9B79-FECB8EE6B035}.Release|Any CPU.Build.0 = Release|Any CPU
		{E27391A2-6000-4C62-9A5A-18B80574F5D9}.Debug|Any CPU.ActiveCfg = Debug|Any CPU
		{E27391A2-6000-4C62-9A5A-18B80574F5D9}.Debug|Any CPU.Build.0 = Debug|Any CPU
		{E27391A2-6000-4C62-9A5A-18B80574F5D9}.Release|Any CPU.ActiveCfg = Release|Any CPU
		{E27391A2-6000-4C62-9A5A-18B80574F5D9}.Release|Any CPU.Build.0 = Release|Any CPU
		{00409C4B-5098-4335-8DEB-C58EE86692E6}.Debug|Any CPU.ActiveCfg = Debug|Any CPU
		{00409C4B-5098-4335-8DEB-C58EE86692E6}.Debug|Any CPU.Build.0 = Debug|Any CPU
		{00409C4B-5098-4335-8DEB-C58EE86692E6}.Release|Any CPU.ActiveCfg = Release|Any CPU
		{00409C4B-5098-4335-8DEB-C58EE86692E6}.Release|Any CPU.Build.0 = Release|Any CPU
		{1604D65A-43C6-4B6B-9AE9-2360134C95F7}.Debug|Any CPU.ActiveCfg = Debug|Any CPU
		{1604D65A-43C6-4B6B-9AE9-2360134C95F7}.Debug|Any CPU.Build.0 = Debug|Any CPU
		{1604D65A-43C6-4B6B-9AE9-2360134C95F7}.Release|Any CPU.ActiveCfg = Release|Any CPU
		{1604D65A-43C6-4B6B-9AE9-2360134C95F7}.Release|Any CPU.Build.0 = Release|Any CPU
		{5E55CB5C-5CB0-423A-8C7B-55287B535E49}.Debug|Any CPU.ActiveCfg = Debug|Any CPU
		{5E55CB5C-5CB0-423A-8C7B-55287B535E49}.Debug|Any CPU.Build.0 = Debug|Any CPU
		{5E55CB5C-5CB0-423A-8C7B-55287B535E49}.Release|Any CPU.ActiveCfg = Release|Any CPU
		{5E55CB5C-5CB0-423A-8C7B-55287B535E49}.Release|Any CPU.Build.0 = Release|Any CPU
	EndGlobalSection
	GlobalSection(SolutionProperties) = preSolution
		HideSolutionNode = FALSE
	EndGlobalSection
	GlobalSection(NestedProjects) = preSolution
		{7CC05057-4A62-462F-9B79-FECB8EE6B035} = {4952F714-12A4-48BB-AD5D-00F6512F4DF0}
		{C64D4FEB-2881-4F71-BAFC-1EC22F4C6034} = {E9BD7E11-2106-4090-8354-53EE6D0815E7}
		{65C433DB-C5CF-4693-9059-DBCC771D320B} = {E9BD7E11-2106-4090-8354-53EE6D0815E7}
		{4952F714-12A4-48BB-AD5D-00F6512F4DF0} = {E9BD7E11-2106-4090-8354-53EE6D0815E7}
		{E27391A2-6000-4C62-9A5A-18B80574F5D9} = {C64D4FEB-2881-4F71-BAFC-1EC22F4C6034}
		{00409C4B-5098-4335-8DEB-C58EE86692E6} = {65C433DB-C5CF-4693-9059-DBCC771D320B}
	EndGlobalSection
	GlobalSection(ExtensibilityGlobals) = postSolution
		SolutionGuid = {09736D99-4744-483C-93E9-D0DA748EF14B}
	EndGlobalSection
EndGlobal
